
Microsoft Visual Studio Solution File, Format Version 12.00
# Visual Studio 14
VisualStudioVersion = 14.0.22823.1
MinimumVisualStudioVersion = 10.0.40219.1
Project("{2150E333-8FDC-42A3-9474-1A3956D46DE8}") = "Engine", "Engine", "{97B74F48-F2EF-4F73-9EFA-11EB58CFF768}"
EndProject
Project("{8BC9CEB8-8B4A-11D0-8D11-00A0C91BC942}") = "Bitz-Core", "Bitz-Core\Bitz-Core.vcxitems", "{45D41ACC-2C3C-43D2-BC10-02AA73FFC7C7}"
EndProject
Project("{8BC9CEB8-8B4A-11D0-8D11-00A0C91BC942}") = "Bitz-Windows", "Bitz-Windows\Bitz-Windows.vcxproj", "{66A88188-ACCC-4D4A-A032-ABDB1470E5F9}"
EndProject
Global
	GlobalSection(SharedMSBuildProjectFiles) = preSolution
		Bitz-Core\Bitz-Core.vcxitems*{66a88188-accc-4d4a-a032-abdb1470e5f9}*SharedItemsImports = 4
		Bitz-Core\Bitz-Core.vcxitems*{45d41acc-2c3c-43d2-bc10-02aa73ffc7c7}*SharedItemsImports = 9
	EndGlobalSection
	GlobalSection(SolutionConfigurationPlatforms) = preSolution
		Debug|Mixed Platforms = Debug|Mixed Platforms
		Debug|Win32 = Debug|Win32
		Debug|x64 = Debug|x64
		Release|Mixed Platforms = Release|Mixed Platforms
		Release|Win32 = Release|Win32
		Release|x64 = Release|x64
	EndGlobalSection
	GlobalSection(ProjectConfigurationPlatforms) = postSolution
		{66A88188-ACCC-4D4A-A032-ABDB1470E5F9}.Debug|Mixed Platforms.ActiveCfg = Debug|Win32
		{66A88188-ACCC-4D4A-A032-ABDB1470E5F9}.Debug|Mixed Platforms.Build.0 = Debug|Win32
		{66A88188-ACCC-4D4A-A032-ABDB1470E5F9}.Debug|Win32.ActiveCfg = Debug|Win32
		{66A88188-ACCC-4D4A-A032-ABDB1470E5F9}.Debug|Win32.Build.0 = Debug|Win32
		{66A88188-ACCC-4D4A-A032-ABDB1470E5F9}.Debug|x64.ActiveCfg = Debug|Win32
		{66A88188-ACCC-4D4A-A032-ABDB1470E5F9}.Release|Mixed Platforms.ActiveCfg = Release|Win32
		{66A88188-ACCC-4D4A-A032-ABDB1470E5F9}.Release|Mixed Platforms.Build.0 = Release|Win32
		{66A88188-ACCC-4D4A-A032-ABDB1470E5F9}.Release|Win32.ActiveCfg = Release|Win32
		{66A88188-ACCC-4D4A-A032-ABDB1470E5F9}.Release|Win32.Build.0 = Release|Win32
		{66A88188-ACCC-4D4A-A032-ABDB1470E5F9}.Release|x64.ActiveCfg = Release|Win32
	EndGlobalSection
	GlobalSection(SolutionProperties) = preSolution
		HideSolutionNode = FALSE
	EndGlobalSection
	GlobalSection(NestedProjects) = preSolution
		{45D41ACC-2C3C-43D2-BC10-02AA73FFC7C7} = {97B74F48-F2EF-4F73-9EFA-11EB58CFF768}
		{66A88188-ACCC-4D4A-A032-ABDB1470E5F9} = {97B74F48-F2EF-4F73-9EFA-11EB58CFF768}
	EndGlobalSection
EndGlobal
